// !$*UTF8*$!
{
	archiveVersion = 1;
	classes = {
	};
	objectVersion = 50;
	objects = {

/* Begin PBXBuildFile section */
		CE25204721962A71008822EB /* AppDelegate.swift in Sources */ = {isa = PBXBuildFile; fileRef = CE25204621962A71008822EB /* AppDelegate.swift */; };
		CE25204921962A71008822EB /* ViewController.swift in Sources */ = {isa = PBXBuildFile; fileRef = CE25204821962A71008822EB /* ViewController.swift */; };
		CE25204C21962A71008822EB /* Main.storyboard in Resources */ = {isa = PBXBuildFile; fileRef = CE25204A21962A71008822EB /* Main.storyboard */; };
		CE25204F21962A71008822EB /* Midterm.xcdatamodeld in Sources */ = {isa = PBXBuildFile; fileRef = CE25204D21962A71008822EB /* Midterm.xcdatamodeld */; };
		CE25205121962A72008822EB /* Assets.xcassets in Resources */ = {isa = PBXBuildFile; fileRef = CE25205021962A72008822EB /* Assets.xcassets */; };
		CE25205421962A72008822EB /* LaunchScreen.storyboard in Resources */ = {isa = PBXBuildFile; fileRef = CE25205221962A72008822EB /* LaunchScreen.storyboard */; };
		CE25205F21962A72008822EB /* MidtermTests.swift in Sources */ = {isa = PBXBuildFile; fileRef = CE25205E21962A72008822EB /* MidtermTests.swift */; };
		CE25206A21962A72008822EB /* MidtermUITests.swift in Sources */ = {isa = PBXBuildFile; fileRef = CE25206921962A72008822EB /* MidtermUITests.swift */; };
		CE25207821962F56008822EB /* ShopViewController.swift in Sources */ = {isa = PBXBuildFile; fileRef = CE25207721962F56008822EB /* ShopViewController.swift */; };
		CE25207A21963029008822EB /* HomeScreenTableViewController.swift in Sources */ = {isa = PBXBuildFile; fileRef = CE25207921963029008822EB /* HomeScreenTableViewController.swift */; };
/* End PBXBuildFile section */

/* Begin PBXContainerItemProxy section */
		CE25205B21962A72008822EB /* PBXContainerItemProxy */ = {
			isa = PBXContainerItemProxy;
			containerPortal = CE25203B21962A71008822EB /* Project object */;
			proxyType = 1;
			remoteGlobalIDString = CE25204221962A71008822EB;
			remoteInfo = Midterm;
		};
		CE25206621962A72008822EB /* PBXContainerItemProxy */ = {
			isa = PBXContainerItemProxy;
			containerPortal = CE25203B21962A71008822EB /* Project object */;
			proxyType = 1;
			remoteGlobalIDString = CE25204221962A71008822EB;
			remoteInfo = Midterm;
		};
/* End PBXContainerItemProxy section */

/* Begin PBXFileReference section */
		CE25204321962A71008822EB /* Midterm.app */ = {isa = PBXFileReference; explicitFileType = wrapper.application; includeInIndex = 0; path = Midterm.app; sourceTree = BUILT_PRODUCTS_DIR; };
		CE25204621962A71008822EB /* AppDelegate.swift */ = {isa = PBXFileReference; lastKnownFileType = sourcecode.swift; path = AppDelegate.swift; sourceTree = "<group>"; };
		CE25204821962A71008822EB /* ViewController.swift */ = {isa = PBXFileReference; lastKnownFileType = sourcecode.swift; path = ViewController.swift; sourceTree = "<group>"; };
		CE25204B21962A71008822EB /* Base */ = {isa = PBXFileReference; lastKnownFileType = file.storyboard; name = Base; path = Base.lproj/Main.storyboard; sourceTree = "<group>"; };
		CE25204E21962A71008822EB /* Midterm.xcdatamodel */ = {isa = PBXFileReference; lastKnownFileType = wrapper.xcdatamodel; path = Midterm.xcdatamodel; sourceTree = "<group>"; };
		CE25205021962A72008822EB /* Assets.xcassets */ = {isa = PBXFileReference; lastKnownFileType = folder.assetcatalog; path = Assets.xcassets; sourceTree = "<group>"; };
		CE25205321962A72008822EB /* Base */ = {isa = PBXFileReference; lastKnownFileType = file.storyboard; name = Base; path = Base.lproj/LaunchScreen.storyboard; sourceTree = "<group>"; };
		CE25205521962A72008822EB /* Info.plist */ = {isa = PBXFileReference; lastKnownFileType = text.plist.xml; path = Info.plist; sourceTree = "<group>"; };
		CE25205A21962A72008822EB /* MidtermTests.xctest */ = {isa = PBXFileReference; explicitFileType = wrapper.cfbundle; includeInIndex = 0; path = MidtermTests.xctest; sourceTree = BUILT_PRODUCTS_DIR; };
		CE25205E21962A72008822EB /* MidtermTests.swift */ = {isa = PBXFileReference; lastKnownFileType = sourcecode.swift; path = MidtermTests.swift; sourceTree = "<group>"; };
		CE25206021962A72008822EB /* Info.plist */ = {isa = PBXFileReference; lastKnownFileType = text.plist.xml; path = Info.plist; sourceTree = "<group>"; };
		CE25206521962A72008822EB /* MidtermUITests.xctest */ = {isa = PBXFileReference; explicitFileType = wrapper.cfbundle; includeInIndex = 0; path = MidtermUITests.xctest; sourceTree = BUILT_PRODUCTS_DIR; };
		CE25206921962A72008822EB /* MidtermUITests.swift */ = {isa = PBXFileReference; lastKnownFileType = sourcecode.swift; path = MidtermUITests.swift; sourceTree = "<group>"; };
		CE25206B21962A72008822EB /* Info.plist */ = {isa = PBXFileReference; lastKnownFileType = text.plist.xml; path = Info.plist; sourceTree = "<group>"; };
		CE25207721962F56008822EB /* ShopViewController.swift */ = {isa = PBXFileReference; lastKnownFileType = sourcecode.swift; path = ShopViewController.swift; sourceTree = "<group>"; };
		CE25207921963029008822EB /* HomeScreenTableViewController.swift */ = {isa = PBXFileReference; lastKnownFileType = sourcecode.swift; path = HomeScreenTableViewController.swift; sourceTree = "<group>"; };
/* End PBXFileReference section */

/* Begin PBXFrameworksBuildPhase section */
		CE25204021962A71008822EB /* Frameworks */ = {
			isa = PBXFrameworksBuildPhase;
			buildActionMask = 2147483647;
			files = (
			);
			runOnlyForDeploymentPostprocessing = 0;
		};
		CE25205721962A72008822EB /* Frameworks */ = {
			isa = PBXFrameworksBuildPhase;
			buildActionMask = 2147483647;
			files = (
			);
			runOnlyForDeploymentPostprocessing = 0;
		};
		CE25206221962A72008822EB /* Frameworks */ = {
			isa = PBXFrameworksBuildPhase;
			buildActionMask = 2147483647;
			files = (
			);
			runOnlyForDeploymentPostprocessing = 0;
		};
/* End PBXFrameworksBuildPhase section */

/* Begin PBXGroup section */
		CE25203A21962A71008822EB = {
			isa = PBXGroup;
			children = (
				CE25204521962A71008822EB /* Midterm */,
				CE25205D21962A72008822EB /* MidtermTests */,
				CE25206821962A72008822EB /* MidtermUITests */,
				CE25204421962A71008822EB /* Products */,
			);
			sourceTree = "<group>";
		};
		CE25204421962A71008822EB /* Products */ = {
			isa = PBXGroup;
			children = (
				CE25204321962A71008822EB /* Midterm.app */,
				CE25205A21962A72008822EB /* MidtermTests.xctest */,
				CE25206521962A72008822EB /* MidtermUITests.xctest */,
			);
			name = Products;
			sourceTree = "<group>";
		};
		CE25204521962A71008822EB /* Midterm */ = {
			isa = PBXGroup;
			children = (
				CE25204621962A71008822EB /* AppDelegate.swift */,
				CE25204821962A71008822EB /* ViewController.swift */,
				CE25204A21962A71008822EB /* Main.storyboard */,
				CE25207921963029008822EB /* HomeScreenTableViewController.swift */,
				CE25207721962F56008822EB /* ShopViewController.swift */,
				CE25205021962A72008822EB /* Assets.xcassets */,
				CE25205221962A72008822EB /* LaunchScreen.storyboard */,
				CE25205521962A72008822EB /* Info.plist */,
				CE25204D21962A71008822EB /* Midterm.xcdatamodeld */,
			);
			path = Midterm;
			sourceTree = "<group>";
		};
		CE25205D21962A72008822EB /* MidtermTests */ = {
			isa = PBXGroup;
			children = (
				CE25205E21962A72008822EB /* MidtermTests.swift */,
				CE25206021962A72008822EB /* Info.plist */,
			);
			path = MidtermTests;
			sourceTree = "<group>";
		};
		CE25206821962A72008822EB /* MidtermUITests */ = {
			isa = PBXGroup;
			children = (
				CE25206921962A72008822EB /* MidtermUITests.swift */,
				CE25206B21962A72008822EB /* Info.plist */,
			);
			path = MidtermUITests;
			sourceTree = "<group>";
		};
/* End PBXGroup section */

/* Begin PBXNativeTarget section */
		CE25204221962A71008822EB /* Midterm */ = {
			isa = PBXNativeTarget;
			buildConfigurationList = CE25206E21962A72008822EB /* Build configuration list for PBXNativeTarget "Midterm" */;
			buildPhases = (
				CE25203F21962A71008822EB /* Sources */,
				CE25204021962A71008822EB /* Frameworks */,
				CE25204121962A71008822EB /* Resources */,
			);
			buildRules = (
			);
			dependencies = (
			);
			name = Midterm;
			productName = Midterm;
			productReference = CE25204321962A71008822EB /* Midterm.app */;
			productType = "com.apple.product-type.application";
		};
		CE25205921962A72008822EB /* MidtermTests */ = {
			isa = PBXNativeTarget;
			buildConfigurationList = CE25207121962A72008822EB /* Build configuration list for PBXNativeTarget "MidtermTests" */;
			buildPhases = (
				CE25205621962A72008822EB /* Sources */,
				CE25205721962A72008822EB /* Frameworks */,
				CE25205821962A72008822EB /* Resources */,
			);
			buildRules = (
			);
			dependencies = (
				CE25205C21962A72008822EB /* PBXTargetDependency */,
			);
			name = MidtermTests;
			productName = MidtermTests;
			productReference = CE25205A21962A72008822EB /* MidtermTests.xctest */;
			productType = "com.apple.product-type.bundle.unit-test";
		};
		CE25206421962A72008822EB /* MidtermUITests */ = {
			isa = PBXNativeTarget;
			buildConfigurationList = CE25207421962A72008822EB /* Build configuration list for PBXNativeTarget "MidtermUITests" */;
			buildPhases = (
				CE25206121962A72008822EB /* Sources */,
				CE25206221962A72008822EB /* Frameworks */,
				CE25206321962A72008822EB /* Resources */,
			);
			buildRules = (
			);
			dependencies = (
				CE25206721962A72008822EB /* PBXTargetDependency */,
			);
			name = MidtermUITests;
			productName = MidtermUITests;
			productReference = CE25206521962A72008822EB /* MidtermUITests.xctest */;
			productType = "com.apple.product-type.bundle.ui-testing";
		};
/* End PBXNativeTarget section */

/* Begin PBXProject section */
		CE25203B21962A71008822EB /* Project object */ = {
			isa = PBXProject;
			attributes = {
				LastSwiftUpdateCheck = 0940;
				LastUpgradeCheck = 0940;
				ORGANIZATIONNAME = "Kenneth Uyabeme";
				TargetAttributes = {
					CE25204221962A71008822EB = {
						CreatedOnToolsVersion = 9.4.1;
					};
					CE25205921962A72008822EB = {
						CreatedOnToolsVersion = 9.4.1;
						TestTargetID = CE25204221962A71008822EB;
					};
					CE25206421962A72008822EB = {
						CreatedOnToolsVersion = 9.4.1;
						TestTargetID = CE25204221962A71008822EB;
					};
				};
			};
			buildConfigurationList = CE25203E21962A71008822EB /* Build configuration list for PBXProject "Midterm" */;
			compatibilityVersion = "Xcode 9.3";
			developmentRegion = en;
			hasScannedForEncodings = 0;
			knownRegions = (
				en,
				Base,
			);
			mainGroup = CE25203A21962A71008822EB;
			productRefGroup = CE25204421962A71008822EB /* Products */;
			projectDirPath = "";
			projectRoot = "";
			targets = (
				CE25204221962A71008822EB /* Midterm */,
				CE25205921962A72008822EB /* MidtermTests */,
				CE25206421962A72008822EB /* MidtermUITests */,
			);
		};
/* End PBXProject section */

/* Begin PBXResourcesBuildPhase section */
		CE25204121962A71008822EB /* Resources */ = {
			isa = PBXResourcesBuildPhase;
			buildActionMask = 2147483647;
			files = (
				CE25205421962A72008822EB /* LaunchScreen.storyboard in Resources */,
				CE25205121962A72008822EB /* Assets.xcassets in Resources */,
				CE25204C21962A71008822EB /* Main.storyboard in Resources */,
			);
			runOnlyForDeploymentPostprocessing = 0;
		};
		CE25205821962A72008822EB /* Resources */ = {
			isa = PBXResourcesBuildPhase;
			buildActionMask = 2147483647;
			files = (
			);
			runOnlyForDeploymentPostprocessing = 0;
		};
		CE25206321962A72008822EB /* Resources */ = {
			isa = PBXResourcesBuildPhase;
			buildActionMask = 2147483647;
			files = (
			);
			runOnlyForDeploymentPostprocessing = 0;
		};
/* End PBXResourcesBuildPhase section */

/* Begin PBXSourcesBuildPhase section */
		CE25203F21962A71008822EB /* Sources */ = {
			isa = PBXSourcesBuildPhase;
			buildActionMask = 2147483647;
			files = (
				CE25207821962F56008822EB /* ShopViewController.swift in Sources */,
				CE25204921962A71008822EB /* ViewController.swift in Sources */,
				CE25207A21963029008822EB /* HomeScreenTableViewController.swift in Sources */,
				CE25204F21962A71008822EB /* Midterm.xcdatamodeld in Sources */,
				CE25204721962A71008822EB /* AppDelegate.swift in Sources */,
			);
			runOnlyForDeploymentPostprocessing = 0;
		};
		CE25205621962A72008822EB /* Sources */ = {
			isa = PBXSourcesBuildPhase;
			buildActionMask = 2147483647;
			files = (
				CE25205F21962A72008822EB /* MidtermTests.swift in Sources */,
			);
			runOnlyForDeploymentPostprocessing = 0;
		};
		CE25206121962A72008822EB /* Sources */ = {
			isa = PBXSourcesBuildPhase;
			buildActionMask = 2147483647;
			files = (
				CE25206A21962A72008822EB /* MidtermUITests.swift in Sources */,
			);
			runOnlyForDeploymentPostprocessing = 0;
		};
/* End PBXSourcesBuildPhase section */

/* Begin PBXTargetDependency section */
		CE25205C21962A72008822EB /* PBXTargetDependency */ = {
			isa = PBXTargetDependency;
			target = CE25204221962A71008822EB /* Midterm */;
			targetProxy = CE25205B21962A72008822EB /* PBXContainerItemProxy */;
		};
		CE25206721962A72008822EB /* PBXTargetDependency */ = {
			isa = PBXTargetDependency;
			target = CE25204221962A71008822EB /* Midterm */;
			targetProxy = CE25206621962A72008822EB /* PBXContainerItemProxy */;
		};
/* End PBXTargetDependency section */

/* Begin PBXVariantGroup section */
		CE25204A21962A71008822EB /* Main.storyboard */ = {
			isa = PBXVariantGroup;
			children = (
				CE25204B21962A71008822EB /* Base */,
			);
			name = Main.storyboard;
			sourceTree = "<group>";
		};
		CE25205221962A72008822EB /* LaunchScreen.storyboard */ = {
			isa = PBXVariantGroup;
			children = (
				CE25205321962A72008822EB /* Base */,
			);
			name = LaunchScreen.storyboard;
			sourceTree = "<group>";
		};
/* End PBXVariantGroup section */

/* Begin XCBuildConfiguration section */
		CE25206C21962A72008822EB /* Debug */ = {
			isa = XCBuildConfiguration;
			buildSettings = {
				ALWAYS_SEARCH_USER_PATHS = NO;
				CLANG_ANALYZER_NONNULL = YES;
				CLANG_ANALYZER_NUMBER_OBJECT_CONVERSION = YES_AGGRESSIVE;
				CLANG_CXX_LANGUAGE_STANDARD = "gnu++14";
				CLANG_CXX_LIBRARY = "libc++";
				CLANG_ENABLE_MODULES = YES;
				CLANG_ENABLE_OBJC_ARC = YES;
				CLANG_ENABLE_OBJC_WEAK = YES;
				CLANG_WARN_BLOCK_CAPTURE_AUTORELEASING = YES;
				CLANG_WARN_BOOL_CONVERSION = YES;
				CLANG_WARN_COMMA = YES;
				CLANG_WARN_CONSTANT_CONVERSION = YES;
				CLANG_WARN_DEPRECATED_OBJC_IMPLEMENTATIONS = YES;
				CLANG_WARN_DIRECT_OBJC_ISA_USAGE = YES_ERROR;
				CLANG_WARN_DOCUMENTATION_COMMENTS = YES;
				CLANG_WARN_EMPTY_BODY = YES;
				CLANG_WARN_ENUM_CONVERSION = YES;
				CLANG_WARN_INFINITE_RECURSION = YES;
				CLANG_WARN_INT_CONVERSION = YES;
				CLANG_WARN_NON_LITERAL_NULL_CONVERSION = YES;
				CLANG_WARN_OBJC_IMPLICIT_RETAIN_SELF = YES;
				CLANG_WARN_OBJC_LITERAL_CONVERSION = YES;
				CLANG_WARN_OBJC_ROOT_CLASS = YES_ERROR;
				CLANG_WARN_RANGE_LOOP_ANALYSIS = YES;
				CLANG_WARN_STRICT_PROTOTYPES = YES;
				CLANG_WARN_SUSPICIOUS_MOVE = YES;
				CLANG_WARN_UNGUARDED_AVAILABILITY = YES_AGGRESSIVE;
				CLANG_WARN_UNREACHABLE_CODE = YES;
				CLANG_WARN__DUPLICATE_METHOD_MATCH = YES;
				CODE_SIGN_IDENTITY = "iPhone Developer";
				COPY_PHASE_STRIP = NO;
				DEBUG_INFORMATION_FORMAT = dwarf;
				ENABLE_STRICT_OBJC_MSGSEND = YES;
				ENABLE_TESTABILITY = YES;
				GCC_C_LANGUAGE_STANDARD = gnu11;
				GCC_DYNAMIC_NO_PIC = NO;
				GCC_NO_COMMON_BLOCKS = YES;
				GCC_OPTIMIZATION_LEVEL = 0;
				GCC_PREPROCESSOR_DEFINITIONS = (
					"DEBUG=1",
					"$(inherited)",
				);
				GCC_WARN_64_TO_32_BIT_CONVERSION = YES;
				GCC_WARN_ABOUT_RETURN_TYPE = YES_ERROR;
				GCC_WARN_UNDECLARED_SELECTOR = YES;
				GCC_WARN_UNINITIALIZED_AUTOS = YES_AGGRESSIVE;
				GCC_WARN_UNUSED_FUNCTION = YES;
				GCC_WARN_UNUSED_VARIABLE = YES;
				IPHONEOS_DEPLOYMENT_TARGET = 11.4;
				MTL_ENABLE_DEBUG_INFO = YES;
				ONLY_ACTIVE_ARCH = YES;
				SDKROOT = iphoneos;
				SWIFT_ACTIVE_COMPILATION_CONDITIONS = DEBUG;
				SWIFT_OPTIMIZATION_LEVEL = "-Onone";
			};
			name = Debug;
		};
		CE25206D21962A72008822EB /* Release */ = {
			isa = XCBuildConfiguration;
			buildSettings = {
				ALWAYS_SEARCH_USER_PATHS = NO;
				CLANG_ANALYZER_NONNULL = YES;
				CLANG_ANALYZER_NUMBER_OBJECT_CONVERSION = YES_AGGRESSIVE;
				CLANG_CXX_LANGUAGE_STANDARD = "gnu++14";
				CLANG_CXX_LIBRARY = "libc++";
				CLANG_ENABLE_MODULES = YES;
				CLANG_ENABLE_OBJC_ARC = YES;
				CLANG_ENABLE_OBJC_WEAK = YES;
				CLANG_WARN_BLOCK_CAPTURE_AUTORELEASING = YES;
				CLANG_WARN_BOOL_CONVERSION = YES;
				CLANG_WARN_COMMA = YES;
				CLANG_WARN_CONSTANT_CONVERSION = YES;
				CLANG_WARN_DEPRECATED_OBJC_IMPLEMENTATIONS = YES;
				CLANG_WARN_DIRECT_OBJC_ISA_USAGE = YES_ERROR;
				CLANG_WARN_DOCUMENTATION_COMMENTS = YES;
				CLANG_WARN_EMPTY_BODY = YES;
				CLANG_WARN_ENUM_CONVERSION = YES;
				CLANG_WARN_INFINITE_RECURSION = YES;
				CLANG_WARN_INT_CONVERSION = YES;
				CLANG_WARN_NON_LITERAL_NULL_CONVERSION = YES;
				CLANG_WARN_OBJC_IMPLICIT_RETAIN_SELF = YES;
				CLANG_WARN_OBJC_LITERAL_CONVERSION = YES;
				CLANG_WARN_OBJC_ROOT_CLASS = YES_ERROR;
				CLANG_WARN_RANGE_LOOP_ANALYSIS = YES;
				CLANG_WARN_STRICT_PROTOTYPES = YES;
				CLANG_WARN_SUSPICIOUS_MOVE = YES;
				CLANG_WARN_UNGUARDED_AVAILABILITY = YES_AGGRESSIVE;
				CLANG_WARN_UNREACHABLE_CODE = YES;
				CLANG_WARN__DUPLICATE_METHOD_MATCH = YES;
				CODE_SIGN_IDENTITY = "iPhone Developer";
				COPY_PHASE_STRIP = NO;
				DEBUG_INFORMATION_FORMAT = "dwarf-with-dsym";
				ENABLE_NS_ASSERTIONS = NO;
				ENABLE_STRICT_OBJC_MSGSEND = YES;
				GCC_C_LANGUAGE_STANDARD = gnu11;
				GCC_NO_COMMON_BLOCKS = YES;
				GCC_WARN_64_TO_32_BIT_CONVERSION = YES;
				GCC_WARN_ABOUT_RETURN_TYPE = YES_ERROR;
				GCC_WARN_UNDECLARED_SELECTOR = YES;
				GCC_WARN_UNINITIALIZED_AUTOS = YES_AGGRESSIVE;
				GCC_WARN_UNUSED_FUNCTION = YES;
				GCC_WARN_UNUSED_VARIABLE = YES;
				IPHONEOS_DEPLOYMENT_TARGET = 11.4;
				MTL_ENABLE_DEBUG_INFO = NO;
				SDKROOT = iphoneos;
				SWIFT_COMPILATION_MODE = wholemodule;
				SWIFT_OPTIMIZATION_LEVEL = "-O";
				VALIDATE_PRODUCT = YES;
			};
			name = Release;
		};
		CE25206F21962A72008822EB /* Debug */ = {
			isa = XCBuildConfiguration;
			buildSettings = {
				ASSETCATALOG_COMPILER_APPICON_NAME = AppIcon;
				CODE_SIGN_STYLE = Automatic;
				INFOPLIST_FILE = Midterm/Info.plist;
				LD_RUNPATH_SEARCH_PATHS = (
					"$(inherited)",
					"@executable_path/Frameworks",
				);
				PRODUCT_BUNDLE_IDENTIFIER = "Adanved-Mobile-Dev.Midterm";
				PRODUCT_NAME = "$(TARGET_NAME)";
				SWIFT_VERSION = 4.0;
				TARGETED_DEVICE_FAMILY = "1,2";
			};
			name = Debug;
		};
		CE25207021962A72008822EB /* Release */ = {
			isa = XCBuildConfiguration;
			buildSettings = {
				ASSETCATALOG_COMPILER_APPICON_NAME = AppIcon;
				CODE_SIGN_STYLE = Automatic;
				INFOPLIST_FILE = Midterm/Info.plist;
				LD_RUNPATH_SEARCH_PATHS = (
					"$(inherited)",
					"@executable_path/Frameworks",
				);
				PRODUCT_BUNDLE_IDENTIFIER = "Adanved-Mobile-Dev.Midterm";
				PRODUCT_NAME = "$(TARGET_NAME)";
				SWIFT_VERSION = 4.0;
				TARGETED_DEVICE_FAMILY = "1,2";
			};
			name = Release;
		};
		CE25207221962A72008822EB /* Debug */ = {
			isa = XCBuildConfiguration;
			buildSettings = {
				ALWAYS_EMBED_SWIFT_STANDARD_LIBRARIES = YES;
				BUNDLE_LOADER = "$(TEST_HOST)";
				CODE_SIGN_STYLE = Automatic;
				INFOPLIST_FILE = MidtermTests/Info.plist;
				LD_RUNPATH_SEARCH_PATHS = (
					"$(inherited)",
					"@executable_path/Frameworks",
					"@loader_path/Frameworks",
				);
				PRODUCT_BUNDLE_IDENTIFIER = "Adanved-Mobile-Dev.MidtermTests";
				PRODUCT_NAME = "$(TARGET_NAME)";
				SWIFT_VERSION = 4.0;
				TARGETED_DEVICE_FAMILY = "1,2";
				TEST_HOST = "$(BUILT_PRODUCTS_DIR)/Midterm.app/Midterm";
			};
			name = Debug;
		};
		CE25207321962A72008822EB /* Release */ = {
			isa = XCBuildConfiguration;
			buildSettings = {
				ALWAYS_EMBED_SWIFT_STANDARD_LIBRARIES = YES;
				BUNDLE_LOADER = "$(TEST_HOST)";
				CODE_SIGN_STYLE = Automatic;
				INFOPLIST_FILE = MidtermTests/Info.plist;
				LD_RUNPATH_SEARCH_PATHS = (
					"$(inherited)",
					"@executable_path/Frameworks",
					"@loader_path/Frameworks",
				);
				PRODUCT_BUNDLE_IDENTIFIER = "Adanved-Mobile-Dev.MidtermTests";
				PRODUCT_NAME = "$(TARGET_NAME)";
				SWIFT_VERSION = 4.0;
				TARGETED_DEVICE_FAMILY = "1,2";
				TEST_HOST = "$(BUILT_PRODUCTS_DIR)/Midterm.app/Midterm";
			};
			name = Release;
		};
		CE25207521962A72008822EB /* Debug */ = {
			isa = XCBuildConfiguration;
			buildSettings = {
				ALWAYS_EMBED_SWIFT_STANDARD_LIBRARIES = YES;
				CODE_SIGN_STYLE = Automatic;
				INFOPLIST_FILE = MidtermUITests/Info.plist;
				LD_RUNPATH_SEARCH_PATHS = (
					"$(inherited)",
					"@executable_path/Frameworks",
					"@loader_path/Frameworks",
				);
				PRODUCT_BUNDLE_IDENTIFIER = "Adanved-Mobile-Dev.MidtermUITests";
				PRODUCT_NAME = "$(TARGET_NAME)";
				SWIFT_VERSION = 4.0;
				TARGETED_DEVICE_FAMILY = "1,2";
				TEST_TARGET_NAME = Midterm;
			};
			name = Debug;
		};
		CE25207621962A72008822EB /* Release */ = {
			isa = XCBuildConfiguration;
			buildSettings = {
				ALWAYS_EMBED_SWIFT_STANDARD_LIBRARIES = YES;
				CODE_SIGN_STYLE = Automatic;
				INFOPLIST_FILE = MidtermUITests/Info.plist;
				LD_RUNPATH_SEARCH_PATHS = (
					"$(inherited)",
					"@executable_path/Frameworks",
					"@loader_path/Frameworks",
				);
				PRODUCT_BUNDLE_IDENTIFIER = "Adanved-Mobile-Dev.MidtermUITests";
				PRODUCT_NAME = "$(TARGET_NAME)";
				SWIFT_VERSION = 4.0;
				TARGETED_DEVICE_FAMILY = "1,2";
				TEST_TARGET_NAME = Midterm;
			};
			name = Release;
		};
/* End XCBuildConfiguration section */

/* Begin XCConfigurationList section */
		CE25203E21962A71008822EB /* Build configuration list for PBXProject "Midterm" */ = {
			isa = XCConfigurationList;
			buildConfigurations = (
				CE25206C21962A72008822EB /* Debug */,
				CE25206D21962A72008822EB /* Release */,
			);
			defaultConfigurationIsVisible = 0;
			defaultConfigurationName = Release;
		};
		CE25206E21962A72008822EB /* Build configuration list for PBXNativeTarget "Midterm" */ = {
			isa = XCConfigurationList;
			buildConfigurations = (
				CE25206F21962A72008822EB /* Debug */,
				CE25207021962A72008822EB /* Release */,
			);
			defaultConfigurationIsVisible = 0;
			defaultConfigurationName = Release;
		};
		CE25207121962A72008822EB /* Build configuration list for PBXNativeTarget "MidtermTests" */ = {
			isa = XCConfigurationList;
			buildConfigurations = (
				CE25207221962A72008822EB /* Debug */,
				CE25207321962A72008822EB /* Release */,
			);
			defaultConfigurationIsVisible = 0;
			defaultConfigurationName = Release;
		};
		CE25207421962A72008822EB /* Build configuration list for PBXNativeTarget "MidtermUITests" */ = {
			isa = XCConfigurationList;
			buildConfigurations = (
				CE25207521962A72008822EB /* Debug */,
				CE25207621962A72008822EB /* Release */,
			);
			defaultConfigurationIsVisible = 0;
			defaultConfigurationName = Release;
		};
/* End XCConfigurationList section */

/* Begin XCVersionGroup section */
		CE25204D21962A71008822EB /* Midterm.xcdatamodeld */ = {
			isa = XCVersionGroup;
			children = (
				CE25204E21962A71008822EB /* Midterm.xcdatamodel */,
			);
			currentVersion = CE25204E21962A71008822EB /* Midterm.xcdatamodel */;
			path = Midterm.xcdatamodeld;
			sourceTree = "<group>";
			versionGroupType = wrapper.xcdatamodel;
		};
/* End XCVersionGroup section */
	};
	rootObject = CE25203B21962A71008822EB /* Project object */;
}
